Microsoft Visual Studio Solution File, Format Version 12.00
# Visual Studio Version 17
VisualStudioVersion = 17.5.2.0
MinimumVisualStudioVersion = 10.0.40219.1
Project("{2150E333-8FDC-42A3-9474-1A3956D46DE8}") = "SSO_Demo", "SSO_Demo", "{0E66C71F-EEF9-269D-401F-5A4BA319C212}"
EndProject
Project("{2150E333-8FDC-42A3-9474-1A3956D46DE8}") = "TaskManager", "TaskManager", "{643348CE-C0DA-731F-98E1-C2A529A7811E}"
EndProject
Project("{FAE04EC0-301F-11D3-BF4B-00C04F79EFBC}") = "TaskManager", "SSO_Demo\TaskManager\src\TaskManager.csproj", "{D6E2182A-A78B-8AD7-6C14-7D5C42441C1E}"
EndProject
Global
	GlobalSection(SolutionConfigurationPlatforms) = preSolution
		Debug|Any CPU = Debug|Any CPU
		Release|Any CPU = Release|Any CPU
	EndGlobalSection
	GlobalSection(ProjectConfigurationPlatforms) = postSolution
		{D6E2182A-A78B-8AD7-6C14-7D5C42441C1E}.Debug|Any CPU.ActiveCfg = Debug|Any CPU
		{D6E2182A-A78B-8AD7-6C14-7D5C42441C1E}.Debug|Any CPU.Build.0 = Debug|Any CPU
		{D6E2182A-A78B-8AD7-6C14-7D5C42441C1E}.Release|Any CPU.ActiveCfg = Release|Any CPU
		{D6E2182A-A78B-8AD7-6C14-7D5C42441C1E}.Release|Any CPU.Build.0 = Release|Any CPU
	EndGlobalSection
	GlobalSection(SolutionProperties) = preSolution
		HideSolutionNode = FALSE
	EndGlobalSection
	GlobalSection(NestedProjects) = preSolution
		{643348CE-C0DA-731F-98E1-C2A529A7811E} = {0E66C71F-EEF9-269D-401F-5A4BA319C212}
		{D6E2182A-A78B-8AD7-6C14-7D5C42441C1E} = {643348CE-C0DA-731F-98E1-C2A529A7811E}
	EndGlobalSection
	GlobalSection(ExtensibilityGlobals) = postSolution
		SolutionGuid = {379FBD44-D994-424D-8148-32795CB0A3D8}
	EndGlobalSection
EndGlobal
